
Microsoft Visual Studio Solution File, Format Version 12.00
# Visual Studio Version 17
VisualStudioVersion = 17.0.31903.59
MinimumVisualStudioVersion = 10.0.40219.1
Project("{2150E333-8FDC-42A3-9474-1A3956D46DE8}") = "src", "src", "{827E0CD3-B72D-47B6-A68D-7590B98EB39B}"
EndProject
Project("{FAE04EC0-301F-11D3-BF4B-00C04F79EFBC}") = "OrderSystem.Common", "src\OrderSystem.Common\OrderSystem.Common.csproj", "{A0BB0F14-B1E8-4351-82AB-E99AEC3DF0D6}"
EndProject
Project("{FAE04EC0-301F-11D3-BF4B-00C04F79EFBC}") = "OrderSystem.Models", "src\OrderSystem.Models\OrderSystem.Models.csproj", "{4B43B46D-2775-4E0B-97EB-515966F8B4C6}"
EndProject
Project("{FAE04EC0-301F-11D3-BF4B-00C04F79EFBC}") = "OrderSystem.Dto", "src\OrderSystem.Dto\OrderSystem.Dto.csproj", "{53A8FAC2-EE08-4B8D-B8F3-1774576FD8B8}"
EndProject
Project("{FAE04EC0-301F-11D3-BF4B-00C04F79EFBC}") = "OrderSystem.Repositories", "src\OrderSystem.Repositories\OrderSystem.Repositories.csproj", "{CD773C2C-1C8C-47AB-9C78-44BC6A93512B}"
EndProject
Project("{FAE04EC0-301F-11D3-BF4B-00C04F79EFBC}") = "OrderSystem.Services", "src\OrderSystem.Services\OrderSystem.Services.csproj", "{91BD2EF2-A0D3-4E08-87C6-78539861EC73}"
EndProject
Project("{FAE04EC0-301F-11D3-BF4B-00C04F79EFBC}") = "OrderSystem.Commands", "src\OrderSystem.Commands\OrderSystem.Commands.csproj", "{D9D46D89-9F42-4F9F-A341-DD0FEFC06D34}"
EndProject
Project("{FAE04EC0-301F-11D3-BF4B-00C04F79EFBC}") = "OrderSystem.Queries", "src\OrderSystem.Queries\OrderSystem.Queries.csproj", "{BEA94498-2B7B-4538-96C5-063BD0200834}"
EndProject
Project("{FAE04EC0-301F-11D3-BF4B-00C04F79EFBC}") = "OrderSystem.Composition", "src\OrderSystem.Composition\OrderSystem.Composition.csproj", "{C2CE1454-69F7-48F7-8200-CDECF9AFD098}"
EndProject
Project("{FAE04EC0-301F-11D3-BF4B-00C04F79EFBC}") = "OrderSystem.Api", "src\OrderSystem.Api\OrderSystem.Api.csproj", "{27EB12B2-858F-46A4-A89B-80CBB57BBAE1}"
EndProject
Project("{FAE04EC0-301F-11D3-BF4B-00C04F79EFBC}") = "OrderSystem.UnitTests", "tests\OrderSystem.UnitTests\OrderSystem.UnitTests.csproj", "{3910A8D9-278B-477A-98F8-B1141B97BAFA}"
EndProject
Global
	GlobalSection(SolutionConfigurationPlatforms) = preSolution
		Debug|Any CPU = Debug|Any CPU
		Debug|x64 = Debug|x64
		Debug|x86 = Debug|x86
		Release|Any CPU = Release|Any CPU
		Release|x64 = Release|x64
		Release|x86 = Release|x86
	EndGlobalSection
	GlobalSection(ProjectConfigurationPlatforms) = postSolution
		{A0BB0F14-B1E8-4351-82AB-E99AEC3DF0D6}.Debug|Any CPU.ActiveCfg = Debug|Any CPU
		{A0BB0F14-B1E8-4351-82AB-E99AEC3DF0D6}.Debug|Any CPU.Build.0 = Debug|Any CPU
		{A0BB0F14-B1E8-4351-82AB-E99AEC3DF0D6}.Debug|x64.ActiveCfg = Debug|Any CPU
		{A0BB0F14-B1E8-4351-82AB-E99AEC3DF0D6}.Debug|x64.Build.0 = Debug|Any CPU
		{A0BB0F14-B1E8-4351-82AB-E99AEC3DF0D6}.Debug|x86.ActiveCfg = Debug|Any CPU
		{A0BB0F14-B1E8-4351-82AB-E99AEC3DF0D6}.Debug|x86.Build.0 = Debug|Any CPU
		{A0BB0F14-B1E8-4351-82AB-E99AEC3DF0D6}.Release|Any CPU.ActiveCfg = Release|Any CPU
		{A0BB0F14-B1E8-4351-82AB-E99AEC3DF0D6}.Release|Any CPU.Build.0 = Release|Any CPU
		{A0BB0F14-B1E8-4351-82AB-E99AEC3DF0D6}.Release|x64.ActiveCfg = Release|Any CPU
		{A0BB0F14-B1E8-4351-82AB-E99AEC3DF0D6}.Release|x64.Build.0 = Release|Any CPU
		{A0BB0F14-B1E8-4351-82AB-E99AEC3DF0D6}.Release|x86.ActiveCfg = Release|Any CPU
		{A0BB0F14-B1E8-4351-82AB-E99AEC3DF0D6}.Release|x86.Build.0 = Release|Any CPU
		{4B43B46D-2775-4E0B-97EB-515966F8B4C6}.Debug|Any CPU.ActiveCfg = Debug|Any CPU
		{4B43B46D-2775-4E0B-97EB-515966F8B4C6}.Debug|Any CPU.Build.0 = Debug|Any CPU
		{4B43B46D-2775-4E0B-97EB-515966F8B4C6}.Debug|x64.ActiveCfg = Debug|Any CPU
		{4B43B46D-2775-4E0B-97EB-515966F8B4C6}.Debug|x64.Build.0 = Debug|Any CPU
		{4B43B46D-2775-4E0B-97EB-515966F8B4C6}.Debug|x86.ActiveCfg = Debug|Any CPU
		{4B43B46D-2775-4E0B-97EB-515966F8B4C6}.Debug|x86.Build.0 = Debug|Any CPU
		{4B43B46D-2775-4E0B-97EB-515966F8B4C6}.Release|Any CPU.ActiveCfg = Release|Any CPU
		{4B43B46D-2775-4E0B-97EB-515966F8B4C6}.Release|Any CPU.Build.0 = Release|Any CPU
		{4B43B46D-2775-4E0B-97EB-515966F8B4C6}.Release|x64.ActiveCfg = Release|Any CPU
		{4B43B46D-2775-4E0B-97EB-515966F8B4C6}.Release|x64.Build.0 = Release|Any CPU
		{4B43B46D-2775-4E0B-97EB-515966F8B4C6}.Release|x86.ActiveCfg = Release|Any CPU
		{4B43B46D-2775-4E0B-97EB-515966F8B4C6}.Release|x86.Build.0 = Release|Any CPU
		{53A8FAC2-EE08-4B8D-B8F3-1774576FD8B8}.Debug|Any CPU.ActiveCfg = Debug|Any CPU
		{53A8FAC2-EE08-4B8D-B8F3-1774576FD8B8}.Debug|Any CPU.Build.0 = Debug|Any CPU
		{53A8FAC2-EE08-4B8D-B8F3-1774576FD8B8}.Debug|x64.ActiveCfg = Debug|Any CPU
		{53A8FAC2-EE08-4B8D-B8F3-1774576FD8B8}.Debug|x64.Build.0 = Debug|Any CPU
		{53A8FAC2-EE08-4B8D-B8F3-1774576FD8B8}.Debug|x86.ActiveCfg = Debug|Any CPU
		{53A8FAC2-EE08-4B8D-B8F3-1774576FD8B8}.Debug|x86.Build.0 = Debug|Any CPU
		{53A8FAC2-EE08-4B8D-B8F3-1774576FD8B8}.Release|Any CPU.ActiveCfg = Release|Any CPU
		{53A8FAC2-EE08-4B8D-B8F3-1774576FD8B8}.Release|Any CPU.Build.0 = Release|Any CPU
		{53A8FAC2-EE08-4B8D-B8F3-1774576FD8B8}.Release|x64.ActiveCfg = Release|Any CPU
		{53A8FAC2-EE08-4B8D-B8F3-1774576FD8B8}.Release|x64.Build.0 = Release|Any CPU
		{53A8FAC2-EE08-4B8D-B8F3-1774576FD8B8}.Release|x86.ActiveCfg = Release|Any CPU
		{53A8FAC2-EE08-4B8D-B8F3-1774576FD8B8}.Release|x86.Build.0 = Release|Any CPU
		{CD773C2C-1C8C-47AB-9C78-44BC6A93512B}.Debug|Any CPU.ActiveCfg = Debug|Any CPU
		{CD773C2C-1C8C-47AB-9C78-44BC6A93512B}.Debug|Any CPU.Build.0 = Debug|Any CPU
		{CD773C2C-1C8C-47AB-9C78-44BC6A93512B}.Debug|x64.ActiveCfg = Debug|Any CPU
		{CD773C2C-1C8C-47AB-9C78-44BC6A93512B}.Debug|x64.Build.0 = Debug|Any CPU
		{CD773C2C-1C8C-47AB-9C78-44BC6A93512B}.Debug|x86.ActiveCfg = Debug|Any CPU
		{CD773C2C-1C8C-47AB-9C78-44BC6A93512B}.Debug|x86.Build.0 = Debug|Any CPU
		{CD773C2C-1C8C-47AB-9C78-44BC6A93512B}.Release|Any CPU.ActiveCfg = Release|Any CPU
		{CD773C2C-1C8C-47AB-9C78-44BC6A93512B}.Release|Any CPU.Build.0 = Release|Any CPU
		{CD773C2C-1C8C-47AB-9C78-44BC6A93512B}.Release|x64.ActiveCfg = Release|Any CPU
		{CD773C2C-1C8C-47AB-9C78-44BC6A93512B}.Release|x64.Build.0 = Release|Any CPU
		{CD773C2C-1C8C-47AB-9C78-44BC6A93512B}.Release|x86.ActiveCfg = Release|Any CPU
		{CD773C2C-1C8C-47AB-9C78-44BC6A93512B}.Release|x86.Build.0 = Release|Any CPU
		{91BD2EF2-A0D3-4E08-87C6-78539861EC73}.Debug|Any CPU.ActiveCfg = Debug|Any CPU
		{91BD2EF2-A0D3-4E08-87C6-78539861EC73}.Debug|Any CPU.Build.0 = Debug|Any CPU
		{91BD2EF2-A0D3-4E08-87C6-78539861EC73}.Debug|x64.ActiveCfg = Debug|Any CPU
		{91BD2EF2-A0D3-4E08-87C6-78539861EC73}.Debug|x64.Build.0 = Debug|Any CPU
		{91BD2EF2-A0D3-4E08-87C6-78539861EC73}.Debug|x86.ActiveCfg = Debug|Any CPU
		{91BD2EF2-A0D3-4E08-87C6-78539861EC73}.Debug|x86.Build.0 = Debug|Any CPU
		{91BD2EF2-A0D3-4E08-87C6-78539861EC73}.Release|Any CPU.ActiveCfg = Release|Any CPU
		{91BD2EF2-A0D3-4E08-87C6-78539861EC73}.Release|Any CPU.Build.0 = Release|Any CPU
		{91BD2EF2-A0D3-4E08-87C6-78539861EC73}.Release|x64.ActiveCfg = Release|Any CPU
		{91BD2EF2-A0D3-4E08-87C6-78539861EC73}.Release|x64.Build.0 = Release|Any CPU
		{91BD2EF2-A0D3-4E08-87C6-78539861EC73}.Release|x86.ActiveCfg = Release|Any CPU
		{91BD2EF2-A0D3-4E08-87C6-78539861EC73}.Release|x86.Build.0 = Release|Any CPU
		{D9D46D89-9F42-4F9F-A341-DD0FEFC06D34}.Debug|Any CPU.ActiveCfg = Debug|Any CPU
		{D9D46D89-9F42-4F9F-A341-DD0FEFC06D34}.Debug|Any CPU.Build.0 = Debug|Any CPU
		{D9D46D89-9F42-4F9F-A341-DD0FEFC06D34}.Debug|x64.ActiveCfg = Debug|Any CPU
		{D9D46D89-9F42-4F9F-A341-DD0FEFC06D34}.Debug|x64.Build.0 = Debug|Any CPU
		{D9D46D89-9F42-4F9F-A341-DD0FEFC06D34}.Debug|x86.ActiveCfg = Debug|Any CPU
		{D9D46D89-9F42-4F9F-A341-DD0FEFC06D34}.Debug|x86.Build.0 = Debug|Any CPU
		{D9D46D89-9F42-4F9F-A341-DD0FEFC06D34}.Release|Any CPU.ActiveCfg = Release|Any CPU
		{D9D46D89-9F42-4F9F-A341-DD0FEFC06D34}.Release|Any CPU.Build.0 = Release|Any CPU
		{D9D46D89-9F42-4F9F-A341-DD0FEFC06D34}.Release|x64.ActiveCfg = Release|Any CPU
		{D9D46D89-9F42-4F9F-A341-DD0FEFC06D34}.Release|x64.Build.0 = Release|Any CPU
		{D9D46D89-9F42-4F9F-A341-DD0FEFC06D34}.Release|x86.ActiveCfg = Release|Any CPU
		{D9D46D89-9F42-4F9F-A341-DD0FEFC06D34}.Release|x86.Build.0 = Release|Any CPU
		{BEA94498-2B7B-4538-96C5-063BD0200834}.Debug|Any CPU.ActiveCfg = Debug|Any CPU
		{BEA94498-2B7B-4538-96C5-063BD0200834}.Debug|Any CPU.Build.0 = Debug|Any CPU
		{BEA94498-2B7B-4538-96C5-063BD0200834}.Debug|x64.ActiveCfg = Debug|Any CPU
		{BEA94498-2B7B-4538-96C5-063BD0200834}.Debug|x64.Build.0 = Debug|Any CPU
		{BEA94498-2B7B-4538-96C5-063BD0200834}.Debug|x86.ActiveCfg = Debug|Any CPU
		{BEA94498-2B7B-4538-96C5-063BD0200834}.Debug|x86.Build.0 = Debug|Any CPU
		{BEA94498-2B7B-4538-96C5-063BD0200834}.Release|Any CPU.ActiveCfg = Release|Any CPU
		{BEA94498-2B7B-4538-96C5-063BD0200834}.Release|Any CPU.Build.0 = Release|Any CPU
		{BEA94498-2B7B-4538-96C5-063BD0200834}.Release|x64.ActiveCfg = Release|Any CPU
		{BEA94498-2B7B-4538-96C5-063BD0200834}.Release|x64.Build.0 = Release|Any CPU
		{BEA94498-2B7B-4538-96C5-063BD0200834}.Release|x86.ActiveCfg = Release|Any CPU
		{BEA94498-2B7B-4538-96C5-063BD0200834}.Release|x86.Build.0 = Release|Any CPU
		{C2CE1454-69F7-48F7-8200-CDECF9AFD098}.Debug|Any CPU.ActiveCfg = Debug|Any CPU
		{C2CE1454-69F7-48F7-8200-CDECF9AFD098}.Debug|Any CPU.Build.0 = Debug|Any CPU
		{C2CE1454-69F7-48F7-8200-CDECF9AFD098}.Debug|x64.ActiveCfg = Debug|Any CPU
		{C2CE1454-69F7-48F7-8200-CDECF9AFD098}.Debug|x64.Build.0 = Debug|Any CPU
		{C2CE1454-69F7-48F7-8200-CDECF9AFD098}.Debug|x86.ActiveCfg = Debug|Any CPU
		{C2CE1454-69F7-48F7-8200-CDECF9AFD098}.Debug|x86.Build.0 = Debug|Any CPU
		{C2CE1454-69F7-48F7-8200-CDECF9AFD098}.Release|Any CPU.ActiveCfg = Release|Any CPU
		{C2CE1454-69F7-48F7-8200-CDECF9AFD098}.Release|Any CPU.Build.0 = Release|Any CPU
		{C2CE1454-69F7-48F7-8200-CDECF9AFD098}.Release|x64.ActiveCfg = Release|Any CPU
		{C2CE1454-69F7-48F7-8200-CDECF9AFD098}.Release|x64.Build.0 = Release|Any CPU
		{C2CE1454-69F7-48F7-8200-CDECF9AFD098}.Release|x86.ActiveCfg = Release|Any CPU
		{C2CE1454-69F7-48F7-8200-CDECF9AFD098}.Release|x86.Build.0 = Release|Any CPU
		{27EB12B2-858F-46A4-A89B-80CBB57BBAE1}.Debug|Any CPU.ActiveCfg = Debug|Any CPU
		{27EB12B2-858F-46A4-A89B-80CBB57BBAE1}.Debug|Any CPU.Build.0 = Debug|Any CPU
		{27EB12B2-858F-46A4-A89B-80CBB57BBAE1}.Debug|x64.ActiveCfg = Debug|Any CPU
		{27EB12B2-858F-46A4-A89B-80CBB57BBAE1}.Debug|x64.Build.0 = Debug|Any CPU
		{27EB12B2-858F-46A4-A89B-80CBB57BBAE1}.Debug|x86.ActiveCfg = Debug|Any CPU
		{27EB12B2-858F-46A4-A89B-80CBB57BBAE1}.Debug|x86.Build.0 = Debug|Any CPU
		{27EB12B2-858F-46A4-A89B-80CBB57BBAE1}.Release|Any CPU.ActiveCfg = Release|Any CPU
		{27EB12B2-858F-46A4-A89B-80CBB57BBAE1}.Release|Any CPU.Build.0 = Release|Any CPU
		{27EB12B2-858F-46A4-A89B-80CBB57BBAE1}.Release|x64.ActiveCfg = Release|Any CPU
		{27EB12B2-858F-46A4-A89B-80CBB57BBAE1}.Release|x64.Build.0 = Release|Any CPU
		{27EB12B2-858F-46A4-A89B-80CBB57BBAE1}.Release|x86.ActiveCfg = Release|Any CPU
		{27EB12B2-858F-46A4-A89B-80CBB57BBAE1}.Release|x86.Build.0 = Release|Any CPU
		{3910A8D9-278B-477A-98F8-B1141B97BAFA}.Debug|Any CPU.ActiveCfg = Debug|Any CPU
		{3910A8D9-278B-477A-98F8-B1141B97BAFA}.Debug|Any CPU.Build.0 = Debug|Any CPU
		{3910A8D9-278B-477A-98F8-B1141B97BAFA}.Debug|x64.ActiveCfg = Debug|Any CPU
		{3910A8D9-278B-477A-98F8-B1141B97BAFA}.Debug|x64.Build.0 = Debug|Any CPU
		{3910A8D9-278B-477A-98F8-B1141B97BAFA}.Debug|x86.ActiveCfg = Debug|Any CPU
		{3910A8D9-278B-477A-98F8-B1141B97BAFA}.Debug|x86.Build.0 = Debug|Any CPU
		{3910A8D9-278B-477A-98F8-B1141B97BAFA}.Release|Any CPU.ActiveCfg = Release|Any CPU
		{3910A8D9-278B-477A-98F8-B1141B97BAFA}.Release|Any CPU.Build.0 = Release|Any CPU
		{3910A8D9-278B-477A-98F8-B1141B97BAFA}.Release|x64.ActiveCfg = Release|Any CPU
		{3910A8D9-278B-477A-98F8-B1141B97BAFA}.Release|x64.Build.0 = Release|Any CPU
		{3910A8D9-278B-477A-98F8-B1141B97BAFA}.Release|x86.ActiveCfg = Release|Any CPU
		{3910A8D9-278B-477A-98F8-B1141B97BAFA}.Release|x86.Build.0 = Release|Any CPU
	EndGlobalSection
	GlobalSection(SolutionProperties) = preSolution
		HideSolutionNode = FALSE
	EndGlobalSection
	GlobalSection(NestedProjects) = preSolution
		{A0BB0F14-B1E8-4351-82AB-E99AEC3DF0D6} = {827E0CD3-B72D-47B6-A68D-7590B98EB39B}
		{4B43B46D-2775-4E0B-97EB-515966F8B4C6} = {827E0CD3-B72D-47B6-A68D-7590B98EB39B}
		{53A8FAC2-EE08-4B8D-B8F3-1774576FD8B8} = {827E0CD3-B72D-47B6-A68D-7590B98EB39B}
		{CD773C2C-1C8C-47AB-9C78-44BC6A93512B} = {827E0CD3-B72D-47B6-A68D-7590B98EB39B}
		{91BD2EF2-A0D3-4E08-87C6-78539861EC73} = {827E0CD3-B72D-47B6-A68D-7590B98EB39B}
		{D9D46D89-9F42-4F9F-A341-DD0FEFC06D34} = {827E0CD3-B72D-47B6-A68D-7590B98EB39B}
		{BEA94498-2B7B-4538-96C5-063BD0200834} = {827E0CD3-B72D-47B6-A68D-7590B98EB39B}
		{C2CE1454-69F7-48F7-8200-CDECF9AFD098} = {827E0CD3-B72D-47B6-A68D-7590B98EB39B}
		{27EB12B2-858F-46A4-A89B-80CBB57BBAE1} = {827E0CD3-B72D-47B6-A68D-7590B98EB39B}
		{3910A8D9-278B-477A-98F8-B1141B97BAFA} = {827E0CD3-B72D-47B6-A68D-7590B98EB39B}
	EndGlobalSection
EndGlobal
